<?xml version="1.0" encoding="utf-8"?>
<Project ToolsVersion="4.0" xmlns="http://schemas.microsoft.com/developer/msbuild/2003">
  <ItemGroup>
    <Filter Include="소스 파일">
      <UniqueIdentifier>{4FC737F1-C7A5-4376-A066-2A32D752A2FF}</UniqueIdentifier>
      <Extensions>cpp;c;cc;cxx;def;odl;idl;hpj;bat;asm;asmx</Extensions>
    </Filter>
    <Filter Include="헤더 파일">
      <UniqueIdentifier>{93995380-89BD-4b04-88EB-625FBE52EBFB}</UniqueIdentifier>
      <Extensions>h;hh;hpp;hxx;hm;inl;inc;xsd</Extensions>
    </Filter>
    <Filter Include="리소스 파일">
      <UniqueIdentifier>{67DA6AB6-F800-4c08-8B7A-83BB121AAD01}</UniqueIdentifier>
      <Extensions>rc;ico;cur;bmp;dlg;rc2;rct;bin;rgs;gif;jpg;jpeg;jpe;resx;tiff;tif;png;wav;mfcribbon-ms</Extensions>
    </Filter>
    <Filter Include="Util">
      <UniqueIdentifier>{2e7843cc-dfba-43d9-b40f-9d04551b26ee}</UniqueIdentifier>
    </Filter>
    <Filter Include="Scenes">
      <UniqueIdentifier>{f2d98ca1-62b7-43a4-b291-d66481e4c4a2}</UniqueIdentifier>
    </Filter>
    <Filter Include="DB">
      <UniqueIdentifier>{a6f0b61e-7954-47d0-8685-9bbc6c4f638a}</UniqueIdentifier>
    </Filter>
    <Filter Include="CppScripts">
      <UniqueIdentifier>{5fe5cf96-dbc7-4340-923f-88e3e245d4f9}</UniqueIdentifier>
    </Filter>
  </ItemGroup>
  <ItemGroup>
    <ClCompile Include="main.cpp">
      <Filter>소스 파일</Filter>
    </ClCompile>
    <ClCompile Include="MyCharacter.cpp">
      <Filter>소스 파일</Filter>
    </ClCompile>
    <ClCompile Include="Battle.cpp">
      <Filter>소스 파일</Filter>
    </ClCompile>
    <ClCompile Include="Util.cpp">
      <Filter>Util</Filter>
    </ClCompile>
    <ClCompile Include="CCreature.cpp">
      <Filter>소스 파일</Filter>
    </ClCompile>
    <ClCompile Include="MonsterDB.cpp">
      <Filter>DB</Filter>
    </ClCompile>
    <ClCompile Include="ScriptDB.cpp">
      <Filter>DB</Filter>
    </ClCompile>
    <ClCompile Include="SkillData.cpp">
      <Filter>CppScripts</Filter>
    </ClCompile>
    <ClCompile Include="scenes.cpp">
      <Filter>Scenes</Filter>
    </ClCompile>
    <ClCompile Include="BattleEventHandler.cpp">
      <Filter>CppScripts</Filter>
    </ClCompile>
    <ClCompile Include="SceneFunctions.cpp">
      <Filter>CppScripts</Filter>
    </ClCompile>
    <ClCompile Include="BattleDB.cpp">
      <Filter>DB</Filter>
    </ClCompile>
    <ClCompile Include="SceneDB.cpp">
      <Filter>DB</Filter>
    </ClCompile>
    <ClCompile Include="Scene.cpp">
      <Filter>소스 파일</Filter>
    </ClCompile>
    <ClCompile Include="Parser.cpp">
      <Filter>DB</Filter>
    </ClCompile>
    <ClCompile Include="MonsterParser.cpp">
      <Filter>DB</Filter>
    </ClCompile>
    <ClCompile Include="BattleParser.cpp">
      <Filter>DB</Filter>
    </ClCompile>
  </ItemGroup>
  <ItemGroup>
    <ClInclude Include="MyCharacter.h">
      <Filter>헤더 파일</Filter>
    </ClInclude>
    <ClInclude Include="Battle.h">
      <Filter>헤더 파일</Filter>
    </ClInclude>
    <ClInclude Include="Util.h">
      <Filter>Util</Filter>
    </ClInclude>
    <ClInclude Include="scenes.h">
      <Filter>Scenes</Filter>
    </ClInclude>
    <ClInclude Include="default.h">
      <Filter>헤더 파일</Filter>
    </ClInclude>
    <ClInclude Include="CCreature.h">
      <Filter>헤더 파일</Filter>
    </ClInclude>
    <ClInclude Include="MonsterDB.h">
      <Filter>DB</Filter>
    </ClInclude>
    <ClInclude Include="ScriptDB.h">
      <Filter>DB</Filter>
    </ClInclude>
    <ClInclude Include="SkillData.h">
      <Filter>CppScripts</Filter>
    </ClInclude>
    <ClInclude Include="BattleEventHandler.h">
      <Filter>CppScripts</Filter>
    </ClInclude>
    <ClInclude Include="SceneFunctions.h">
      <Filter>CppScripts</Filter>
    </ClInclude>
    <ClInclude Include="BattleDB.h">
      <Filter>DB</Filter>
    </ClInclude>
    <ClInclude Include="SceneDB.h">
      <Filter>DB</Filter>
    </ClInclude>
    <ClInclude Include="Scene.h">
      <Filter>헤더 파일</Filter>
    </ClInclude>
    <ClInclude Include="Parser.h">
      <Filter>DB</Filter>
    </ClInclude>
    <ClInclude Include="MonsterParser.h">
      <Filter>DB</Filter>
    </ClInclude>
    <ClInclude Include="BattleParser.h">
      <Filter>DB</Filter>
    </ClInclude>
  </ItemGroup>
</Project>